
Microsoft Visual Studio Solution File, Format Version 12.00
# Visual Studio Version 16
VisualStudioVersion = 16.0.32106.194
MinimumVisualStudioVersion = 10.0.40219.1
Project("{FAE04EC0-301F-11D3-BF4B-00C04F79EFBC}") = "App2.UWP", "App2\App2.UWP\App2.UWP.csproj", "{46F9402B-2349-4278-B6DD-3BB927524665}"
EndProject
Project("{FAE04EC0-301F-11D3-BF4B-00C04F79EFBC}") = "App2.Android", "App2\App2.Android\App2.Android.csproj", "{0DCADDD3-83E1-437C-8F7D-209DC6880287}"
EndProject
Project("{FAE04EC0-301F-11D3-BF4B-00C04F79EFBC}") = "App2.iOS", "App2\App2.iOS\App2.iOS.csproj", "{B263D6A5-B42F-474C-A862-C26BF3130375}"
EndProject
Project("{FAE04EC0-301F-11D3-BF4B-00C04F79EFBC}") = "App2", "App2\App2\App2.csproj", "{344D12CB-0BC6-434A-89A5-99B2DF9B6847}"
EndProject
Global
	GlobalSection(SolutionConfigurationPlatforms) = preSolution
		Debug|Any CPU = Debug|Any CPU
		Debug|ARM = Debug|ARM
		Debug|iPhone = Debug|iPhone
		Debug|iPhoneSimulator = Debug|iPhoneSimulator
		Debug|x64 = Debug|x64
		Debug|x86 = Debug|x86
		Release|Any CPU = Release|Any CPU
		Release|ARM = Release|ARM
		Release|iPhone = Release|iPhone
		Release|iPhoneSimulator = Release|iPhoneSimulator
		Release|x64 = Release|x64
		Release|x86 = Release|x86
	EndGlobalSection
	GlobalSection(ProjectConfigurationPlatforms) = postSolution
		{46F9402B-2349-4278-B6DD-3BB927524665}.Debug|Any CPU.ActiveCfg = Debug|x86
		{46F9402B-2349-4278-B6DD-3BB927524665}.Debug|Any CPU.Build.0 = Debug|x86
		{46F9402B-2349-4278-B6DD-3BB927524665}.Debug|Any CPU.Deploy.0 = Debug|x86
		{46F9402B-2349-4278-B6DD-3BB927524665}.Debug|ARM.ActiveCfg = Debug|ARM
		{46F9402B-2349-4278-B6DD-3BB927524665}.Debug|ARM.Build.0 = Debug|ARM
		{46F9402B-2349-4278-B6DD-3BB927524665}.Debug|ARM.Deploy.0 = Debug|ARM
		{46F9402B-2349-4278-B6DD-3BB927524665}.Debug|iPhone.ActiveCfg = Debug|x86
		{46F9402B-2349-4278-B6DD-3BB927524665}.Debug|iPhone.Build.0 = Debug|x86
		{46F9402B-2349-4278-B6DD-3BB927524665}.Debug|iPhone.Deploy.0 = Debug|x86
		{46F9402B-2349-4278-B6DD-3BB927524665}.Debug|iPhoneSimulator.ActiveCfg = Debug|x86
		{46F9402B-2349-4278-B6DD-3BB927524665}.Debug|iPhoneSimulator.Build.0 = Debug|x86
		{46F9402B-2349-4278-B6DD-3BB927524665}.Debug|iPhoneSimulator.Deploy.0 = Debug|x86
		{46F9402B-2349-4278-B6DD-3BB927524665}.Debug|x64.ActiveCfg = Debug|x64
		{46F9402B-2349-4278-B6DD-3BB927524665}.Debug|x64.Build.0 = Debug|x64
		{46F9402B-2349-4278-B6DD-3BB927524665}.Debug|x64.Deploy.0 = Debug|x64
		{46F9402B-2349-4278-B6DD-3BB927524665}.Debug|x86.ActiveCfg = Debug|x86
		{46F9402B-2349-4278-B6DD-3BB927524665}.Debug|x86.Build.0 = Debug|x86
		{46F9402B-2349-4278-B6DD-3BB927524665}.Debug|x86.Deploy.0 = Debug|x86
		{46F9402B-2349-4278-B6DD-3BB927524665}.Release|Any CPU.ActiveCfg = Release|x86
		{46F9402B-2349-4278-B6DD-3BB927524665}.Release|Any CPU.Build.0 = Release|x86
		{46F9402B-2349-4278-B6DD-3BB927524665}.Release|Any CPU.Deploy.0 = Release|x86
		{46F9402B-2349-4278-B6DD-3BB927524665}.Release|ARM.ActiveCfg = Release|ARM
		{46F9402B-2349-4278-B6DD-3BB927524665}.Release|ARM.Build.0 = Release|ARM
		{46F9402B-2349-4278-B6DD-3BB927524665}.Release|ARM.Deploy.0 = Release|ARM
		{46F9402B-2349-4278-B6DD-3BB927524665}.Release|iPhone.ActiveCfg = Release|x86
		{46F9402B-2349-4278-B6DD-3BB927524665}.Release|iPhone.Build.0 = Release|x86
		{46F9402B-2349-4278-B6DD-3BB927524665}.Release|iPhone.Deploy.0 = Release|x86
		{46F9402B-2349-4278-B6DD-3BB927524665}.Release|iPhoneSimulator.ActiveCfg = Release|x86
		{46F9402B-2349-4278-B6DD-3BB927524665}.Release|iPhoneSimulator.Build.0 = Release|x86
		{46F9402B-2349-4278-B6DD-3BB927524665}.Release|iPhoneSimulator.Deploy.0 = Release|x86
		{46F9402B-2349-4278-B6DD-3BB927524665}.Release|x64.ActiveCfg = Release|x64
		{46F9402B-2349-4278-B6DD-3BB927524665}.Release|x64.Build.0 = Release|x64
		{46F9402B-2349-4278-B6DD-3BB927524665}.Release|x64.Deploy.0 = Release|x64
		{46F9402B-2349-4278-B6DD-3BB927524665}.Release|x86.ActiveCfg = Release|x86
		{46F9402B-2349-4278-B6DD-3BB927524665}.Release|x86.Build.0 = Release|x86
		{46F9402B-2349-4278-B6DD-3BB927524665}.Release|x86.Deploy.0 = Release|x86
		{0DCADDD3-83E1-437C-8F7D-209DC6880287}.Debug|Any CPU.ActiveCfg = Debug|Any CPU
		{0DCADDD3-83E1-437C-8F7D-209DC6880287}.Debug|Any CPU.Build.0 = Debug|Any CPU
		{0DCADDD3-83E1-437C-8F7D-209DC6880287}.Debug|Any CPU.Deploy.0 = Debug|Any CPU
		{0DCADDD3-83E1-437C-8F7D-209DC6880287}.Debug|ARM.ActiveCfg = Debug|Any CPU
		{0DCADDD3-83E1-437C-8F7D-209DC6880287}.Debug|ARM.Build.0 = Debug|Any CPU
		{0DCADDD3-83E1-437C-8F7D-209DC6880287}.Debug|ARM.Deploy.0 = Debug|Any CPU
		{0DCADDD3-83E1-437C-8F7D-209DC6880287}.Debug|iPhone.ActiveCfg = Debug|Any CPU
		{0DCADDD3-83E1-437C-8F7D-209DC6880287}.Debug|iPhone.Build.0 = Debug|Any CPU
		{0DCADDD3-83E1-437C-8F7D-209DC6880287}.Debug|iPhone.Deploy.0 = Debug|Any CPU
		{0DCADDD3-83E1-437C-8F7D-209DC6880287}.Debug|iPhoneSimulator.ActiveCfg = Debug|Any CPU
		{0DCADDD3-83E1-437C-8F7D-209DC6880287}.Debug|iPhoneSimulator.Build.0 = Debug|Any CPU
		{0DCADDD3-83E1-437C-8F7D-209DC6880287}.Debug|iPhoneSimulator.Deploy.0 = Debug|Any CPU
		{0DCADDD3-83E1-437C-8F7D-209DC6880287}.Debug|x64.ActiveCfg = Debug|Any CPU
		{0DCADDD3-83E1-437C-8F7D-209DC6880287}.Debug|x64.Build.0 = Debug|Any CPU
		{0DCADDD3-83E1-437C-8F7D-209DC6880287}.Debug|x64.Deploy.0 = Debug|Any CPU
		{0DCADDD3-83E1-437C-8F7D-209DC6880287}.Debug|x86.ActiveCfg = Debug|Any CPU
		{0DCADDD3-83E1-437C-8F7D-209DC6880287}.Debug|x86.Build.0 = Debug|Any CPU
		{0DCADDD3-83E1-437C-8F7D-209DC6880287}.Debug|x86.Deploy.0 = Debug|Any CPU
		{0DCADDD3-83E1-437C-8F7D-209DC6880287}.Release|Any CPU.ActiveCfg = Release|Any CPU
		{0DCADDD3-83E1-437C-8F7D-209DC6880287}.Release|Any CPU.Build.0 = Release|Any CPU
		{0DCADDD3-83E1-437C-8F7D-209DC6880287}.Release|Any CPU.Deploy.0 = Release|Any CPU
		{0DCADDD3-83E1-437C-8F7D-209DC6880287}.Release|ARM.ActiveCfg = Release|Any CPU
		{0DCADDD3-83E1-437C-8F7D-209DC6880287}.Release|ARM.Build.0 = Release|Any CPU
		{0DCADDD3-83E1-437C-8F7D-209DC6880287}.Release|ARM.Deploy.0 = Release|Any CPU
		{0DCADDD3-83E1-437C-8F7D-209DC6880287}.Release|iPhone.ActiveCfg = Release|Any CPU
		{0DCADDD3-83E1-437C-8F7D-209DC6880287}.Release|iPhone.Build.0 = Release|Any CPU
		{0DCADDD3-83E1-437C-8F7D-209DC6880287}.Release|iPhone.Deploy.0 = Release|Any CPU
		{0DCADDD3-83E1-437C-8F7D-209DC6880287}.Release|iPhoneSimulator.ActiveCfg = Release|Any CPU
		{0DCADDD3-83E1-437C-8F7D-209DC6880287}.Release|iPhoneSimulator.Build.0 = Release|Any CPU
		{0DCADDD3-83E1-437C-8F7D-209DC6880287}.Release|iPhoneSimulator.Deploy.0 = Release|Any CPU
		{0DCADDD3-83E1-437C-8F7D-209DC6880287}.Release|x64.ActiveCfg = Release|Any CPU
		{0DCADDD3-83E1-437C-8F7D-209DC6880287}.Release|x64.Build.0 = Release|Any CPU
		{0DCADDD3-83E1-437C-8F7D-209DC6880287}.Release|x64.Deploy.0 = Release|Any CPU
		{0DCADDD3-83E1-437C-8F7D-209DC6880287}.Release|x86.ActiveCfg = Release|Any CPU
		{0DCADDD3-83E1-437C-8F7D-209DC6880287}.Release|x86.Build.0 = Release|Any CPU
		{0DCADDD3-83E1-437C-8F7D-209DC6880287}.Release|x86.Deploy.0 = Release|Any CPU
		{B263D6A5-B42F-474C-A862-C26BF3130375}.Debug|Any CPU.ActiveCfg = Debug|iPhoneSimulator
		{B263D6A5-B42F-474C-A862-C26BF3130375}.Debug|Any CPU.Build.0 = Debug|iPhoneSimulator
		{B263D6A5-B42F-474C-A862-C26BF3130375}.Debug|Any CPU.Deploy.0 = Debug|iPhoneSimulator
		{B263D6A5-B42F-474C-A862-C26BF3130375}.Debug|ARM.ActiveCfg = Debug|iPhone
		{B263D6A5-B42F-474C-A862-C26BF3130375}.Debug|ARM.Build.0 = Debug|iPhone
		{B263D6A5-B42F-474C-A862-C26BF3130375}.Debug|ARM.Deploy.0 = Debug|iPhone
		{B263D6A5-B42F-474C-A862-C26BF3130375}.Debug|iPhone.ActiveCfg = Debug|iPhone
		{B263D6A5-B42F-474C-A862-C26BF3130375}.Debug|iPhone.Build.0 = Debug|iPhone
		{B263D6A5-B42F-474C-A862-C26BF3130375}.Debug|iPhone.Deploy.0 = Debug|iPhone
		{B263D6A5-B42F-474C-A862-C26BF3130375}.Debug|iPhoneSimulator.ActiveCfg = Debug|iPhoneSimulator
		{B263D6A5-B42F-474C-A862-C26BF3130375}.Debug|iPhoneSimulator.Build.0 = Debug|iPhoneSimulator
		{B263D6A5-B42F-474C-A862-C26BF3130375}.Debug|iPhoneSimulator.Deploy.0 = Debug|iPhoneSimulator
		{B263D6A5-B42F-474C-A862-C26BF3130375}.Debug|x64.ActiveCfg = Debug|iPhoneSimulator
		{B263D6A5-B42F-474C-A862-C26BF3130375}.Debug|x64.Build.0 = Debug|iPhoneSimulator
		{B263D6A5-B42F-474C-A862-C26BF3130375}.Debug|x64.Deploy.0 = Debug|iPhoneSimulator
		{B263D6A5-B42F-474C-A862-C26BF3130375}.Debug|x86.ActiveCfg = Debug|iPhoneSimulator
		{B263D6A5-B42F-474C-A862-C26BF3130375}.Debug|x86.Build.0 = Debug|iPhoneSimulator
		{B263D6A5-B42F-474C-A862-C26BF3130375}.Debug|x86.Deploy.0 = Debug|iPhoneSimulator
		{B263D6A5-B42F-474C-A862-C26BF3130375}.Release|Any CPU.ActiveCfg = Release|iPhoneSimulator
		{B263D6A5-B42F-474C-A862-C26BF3130375}.Release|Any CPU.Build.0 = Release|iPhoneSimulator
		{B263D6A5-B42F-474C-A862-C26BF3130375}.Release|Any CPU.Deploy.0 = Release|iPhoneSimulator
		{B263D6A5-B42F-474C-A862-C26BF3130375}.Release|ARM.ActiveCfg = Release|iPhoneSimulator
		{B263D6A5-B42F-474C-A862-C26BF3130375}.Release|ARM.Build.0 = Release|iPhoneSimulator
		{B263D6A5-B42F-474C-A862-C26BF3130375}.Release|ARM.Deploy.0 = Release|iPhoneSimulator
		{B263D6A5-B42F-474C-A862-C26BF3130375}.Release|iPhone.ActiveCfg = Release|iPhone
		{B263D6A5-B42F-474C-A862-C26BF3130375}.Release|iPhone.Build.0 = Release|iPhone
		{B263D6A5-B42F-474C-A862-C26BF3130375}.Release|iPhone.Deploy.0 = Release|iPhone
		{B263D6A5-B42F-474C-A862-C26BF3130375}.Release|iPhoneSimulator.ActiveCfg = Release|iPhoneSimulator
		{B263D6A5-B42F-474C-A862-C26BF3130375}.Release|iPhoneSimulator.Build.0 = Release|iPhoneSimulator
		{B263D6A5-B42F-474C-A862-C26BF3130375}.Release|iPhoneSimulator.Deploy.0 = Release|iPhoneSimulator
		{B263D6A5-B42F-474C-A862-C26BF3130375}.Release|x64.ActiveCfg = Release|iPhoneSimulator
		{B263D6A5-B42F-474C-A862-C26BF3130375}.Release|x64.Build.0 = Release|iPhoneSimulator
		{B263D6A5-B42F-474C-A862-C26BF3130375}.Release|x64.Deploy.0 = Release|iPhoneSimulator
		{B263D6A5-B42F-474C-A862-C26BF3130375}.Release|x86.ActiveCfg = Release|iPhoneSimulator
		{B263D6A5-B42F-474C-A862-C26BF3130375}.Release|x86.Build.0 = Release|iPhoneSimulator
		{B263D6A5-B42F-474C-A862-C26BF3130375}.Release|x86.Deploy.0 = Release|iPhoneSimulator
		{344D12CB-0BC6-434A-89A5-99B2DF9B6847}.Debug|Any CPU.ActiveCfg = Debug|Any CPU
		{344D12CB-0BC6-434A-89A5-99B2DF9B6847}.Debug|Any CPU.Build.0 = Debug|Any CPU
		{344D12CB-0BC6-434A-89A5-99B2DF9B6847}.Debug|Any CPU.Deploy.0 = Debug|Any CPU
		{344D12CB-0BC6-434A-89A5-99B2DF9B6847}.Debug|ARM.ActiveCfg = Debug|Any CPU
		{344D12CB-0BC6-434A-89A5-99B2DF9B6847}.Debug|ARM.Build.0 = Debug|Any CPU
		{344D12CB-0BC6-434A-89A5-99B2DF9B6847}.Debug|ARM.Deploy.0 = Debug|Any CPU
		{344D12CB-0BC6-434A-89A5-99B2DF9B6847}.Debug|iPhone.ActiveCfg = Debug|Any CPU
		{344D12CB-0BC6-434A-89A5-99B2DF9B6847}.Debug|iPhone.Build.0 = Debug|Any CPU
		{344D12CB-0BC6-434A-89A5-99B2DF9B6847}.Debug|iPhone.Deploy.0 = Debug|Any CPU
		{344D12CB-0BC6-434A-89A5-99B2DF9B6847}.Debug|iPhoneSimulator.ActiveCfg = Debug|Any CPU
		{344D12CB-0BC6-434A-89A5-99B2DF9B6847}.Debug|iPhoneSimulator.Build.0 = Debug|Any CPU
		{344D12CB-0BC6-434A-89A5-99B2DF9B6847}.Debug|iPhoneSimulator.Deploy.0 = Debug|Any CPU
		{344D12CB-0BC6-434A-89A5-99B2DF9B6847}.Debug|x64.ActiveCfg = Debug|Any CPU
		{344D12CB-0BC6-434A-89A5-99B2DF9B6847}.Debug|x64.Build.0 = Debug|Any CPU
		{344D12CB-0BC6-434A-89A5-99B2DF9B6847}.Debug|x64.Deploy.0 = Debug|Any CPU
		{344D12CB-0BC6-434A-89A5-99B2DF9B6847}.Debug|x86.ActiveCfg = Debug|Any CPU
		{344D12CB-0BC6-434A-89A5-99B2DF9B6847}.Debug|x86.Build.0 = Debug|Any CPU
		{344D12CB-0BC6-434A-89A5-99B2DF9B6847}.Debug|x86.Deploy.0 = Debug|Any CPU
		{344D12CB-0BC6-434A-89A5-99B2DF9B6847}.Release|Any CPU.ActiveCfg = Release|Any CPU
		{344D12CB-0BC6-434A-89A5-99B2DF9B6847}.Release|Any CPU.Build.0 = Release|Any CPU
		{344D12CB-0BC6-434A-89A5-99B2DF9B6847}.Release|Any CPU.Deploy.0 = Release|Any CPU
		{344D12CB-0BC6-434A-89A5-99B2DF9B6847}.Release|ARM.ActiveCfg = Release|Any CPU
		{344D12CB-0BC6-434A-89A5-99B2DF9B6847}.Release|ARM.Build.0 = Release|Any CPU
		{344D12CB-0BC6-434A-89A5-99B2DF9B6847}.Release|ARM.Deploy.0 = Release|Any CPU
		{344D12CB-0BC6-434A-89A5-99B2DF9B6847}.Release|iPhone.ActiveCfg = Release|Any CPU
		{344D12CB-0BC6-434A-89A5-99B2DF9B6847}.Release|iPhone.Build.0 = Release|Any CPU
		{344D12CB-0BC6-434A-89A5-99B2DF9B6847}.Release|iPhone.Deploy.0 = Release|Any CPU
		{344D12CB-0BC6-434A-89A5-99B2DF9B6847}.Release|iPhoneSimulator.ActiveCfg = Release|Any CPU
		{344D12CB-0BC6-434A-89A5-99B2DF9B6847}.Release|iPhoneSimulator.Build.0 = Release|Any CPU
		{344D12CB-0BC6-434A-89A5-99B2DF9B6847}.Release|iPhoneSimulator.Deploy.0 = Release|Any CPU
		{344D12CB-0BC6-434A-89A5-99B2DF9B6847}.Release|x64.ActiveCfg = Release|Any CPU
		{344D12CB-0BC6-434A-89A5-99B2DF9B6847}.Release|x64.Build.0 = Release|Any CPU
		{344D12CB-0BC6-434A-89A5-99B2DF9B6847}.Release|x64.Deploy.0 = Release|Any CPU
		{344D12CB-0BC6-434A-89A5-99B2DF9B6847}.Release|x86.ActiveCfg = Release|Any CPU
		{344D12CB-0BC6-434A-89A5-99B2DF9B6847}.Release|x86.Build.0 = Release|Any CPU
		{344D12CB-0BC6-434A-89A5-99B2DF9B6847}.Release|x86.Deploy.0 = Release|Any CPU
	EndGlobalSection
	GlobalSection(SolutionProperties) = preSolution
		HideSolutionNode = FALSE
	EndGlobalSection
	GlobalSection(ExtensibilityGlobals) = postSolution
		SolutionGuid = {8F7E5F8F-637E-40D3-BF47-8008A67D4179}
	EndGlobalSection
EndGlobal
